# THIS IS AN AUTOGENERATED FILE. DO NOT EDIT THIS FILE DIRECTLY.
# yarn lockfile v1


frappe-gantt@^1.0.3:
  version "1.0.3"
  resolved "https://registry.yarnpkg.com/frappe-gantt/-/frappe-gantt-1.0.3.tgz#3e261f2a4f93a00066408df91ec2976609a78b4d"
  integrity sha512-NkwO2MD4JoWJ82ZruK/rQVIAEpI3nXUoo5gG+wQHV18yKXhzZsTehVfCXJ92DLl/foTtut1RVL0dqj7fo6Cfpg==
